
Microsoft Visual Studio Solution File, Format Version 12.00
# Visual Studio Version 16
VisualStudioVersion = 16.0.31105.61
MinimumVisualStudioVersion = 10.0.40219.1
Project("{FAE04EC0-301F-11D3-BF4B-00C04F79EFBC}") = "MyOnlineShoppingStore", "MyOnlineShoppingStore.csproj", "{06A7F248-D888-4133-85B0-91642FFF9EDE}"
EndProject
Global
	GlobalSection(SolutionConfigurationPlatforms) = preSolution
		Debug|Any CPU = Debug|Any CPU
		Release|Any CPU = Release|Any CPU
	EndGlobalSection
	GlobalSection(ProjectConfigurationPlatforms) = postSolution
		{06A7F248-D888-4133-85B0-91642FFF9EDE}.Debug|Any CPU.ActiveCfg = Debug|Any CPU
		{06A7F248-D888-4133-85B0-91642FFF9EDE}.Debug|Any CPU.Build.0 = Debug|Any CPU
		{06A7F248-D888-4133-85B0-91642FFF9EDE}.Release|Any CPU.ActiveCfg = Release|Any CPU
		{06A7F248-D888-4133-85B0-91642FFF9EDE}.Release|Any CPU.Build.0 = Release|Any CPU
	EndGlobalSection
	GlobalSection(SolutionProperties) = preSolution
		HideSolutionNode = FALSE
	EndGlobalSection
	GlobalSection(ExtensibilityGlobals) = postSolution
		SolutionGuid = {8D6E0FD7-4623-4298-A55B-0F494EF36F24}
	EndGlobalSection
EndGlobal
