
Microsoft Visual Studio Solution File, Format Version 12.00
# Visual Studio Version 16
VisualStudioVersion = 16.0.31105.61
MinimumVisualStudioVersion = 10.0.40219.1
Project("{FAE04EC0-301F-11D3-BF4B-00C04F79EFBC}") = "OnlineShoppingStore", "OnlineShoppingStore.csproj", "{0FB2D6A0-7D64-42E2-9629-C72211E56099}"
EndProject
Global
	GlobalSection(SolutionConfigurationPlatforms) = preSolution
		Debug|Any CPU = Debug|Any CPU
		Release|Any CPU = Release|Any CPU
	EndGlobalSection
	GlobalSection(ProjectConfigurationPlatforms) = postSolution
		{0FB2D6A0-7D64-42E2-9629-C72211E56099}.Debug|Any CPU.ActiveCfg = Debug|Any CPU
		{0FB2D6A0-7D64-42E2-9629-C72211E56099}.Debug|Any CPU.Build.0 = Debug|Any CPU
		{0FB2D6A0-7D64-42E2-9629-C72211E56099}.Release|Any CPU.ActiveCfg = Release|Any CPU
		{0FB2D6A0-7D64-42E2-9629-C72211E56099}.Release|Any CPU.Build.0 = Release|Any CPU
	EndGlobalSection
	GlobalSection(SolutionProperties) = preSolution
		HideSolutionNode = FALSE
	EndGlobalSection
	GlobalSection(ExtensibilityGlobals) = postSolution
		SolutionGuid = {CC5C7128-8487-42B5-BF1A-C9182452F4E5}
	EndGlobalSection
EndGlobal
